
Microsoft Visual Studio Solution File, Format Version 12.00
# Visual Studio Version 17
VisualStudioVersion = 17.3.32819.101
MinimumVisualStudioVersion = 10.0.40219.1
Project("{FAE04EC0-301F-11D3-BF4B-00C04F79EFBC}") = "LittleHelpers", "LittleHelpers\LittleHelpers.csproj", "{EE7B9177-ED7A-4F9B-B230-D139AF54E858}"
EndProject
Global
	GlobalSection(SolutionConfigurationPlatforms) = preSolution
		Debug|Any CPU = Debug|Any CPU
		Release|Any CPU = Release|Any CPU
	EndGlobalSection
	GlobalSection(ProjectConfigurationPlatforms) = postSolution
		{EE7B9177-ED7A-4F9B-B230-D139AF54E858}.Debug|Any CPU.ActiveCfg = Debug|Any CPU
		{EE7B9177-ED7A-4F9B-B230-D139AF54E858}.Debug|Any CPU.Build.0 = Debug|Any CPU
		{EE7B9177-ED7A-4F9B-B230-D139AF54E858}.Release|Any CPU.ActiveCfg = Release|Any CPU
		{EE7B9177-ED7A-4F9B-B230-D139AF54E858}.Release|Any CPU.Build.0 = Release|Any CPU
	EndGlobalSection
	GlobalSection(SolutionProperties) = preSolution
		HideSolutionNode = FALSE
	EndGlobalSection
	GlobalSection(ExtensibilityGlobals) = postSolution
		SolutionGuid = {CFDDDD80-01A7-40E8-A865-A36DF3601AC1}
	EndGlobalSection
EndGlobal
